dependencies:
- name: kube-prometheus-stack
  repository: https://prometheus-community.github.io/helm-charts
  version: 51.8.1
- name: prometheus-rabbitmq-exporter
  repository: ""
  version: 1.9.*
digest: sha256:295e624553809e85aa2754de661a76bb4cf7e4e79b50501205cadbba53971b7e
generated: "2024-01-10T19:42:00.019198+05:30"
